
Microsoft Visual Studio Solution File, Format Version 12.00
Project("{FAE04EC0-301F-11D3-BF4B-00C04F79EFBC}") = "SpaceTrading", "SpaceTrading\SpaceTrading.csproj", "{60864636-B7DE-41CD-AB86-799F83302139}"
EndProject
Project("{FAE04EC0-301F-11D3-BF4B-00C04F79EFBC}") = "SpaceTrading.Production", "SpaceTrading.Production\SpaceTrading.Production.csproj", "{0F68E46D-9FDB-4E44-AD5E-34A8DF878D82}"
EndProject
Project("{FAE04EC0-301F-11D3-BF4B-00C04F79EFBC}") = "SpaceTrading.Production.Tests", "SpaceTrading.Production.Tests\SpaceTrading.Production.Tests.csproj", "{6992F5E4-89B3-42FA-BFC7-ABB332D59472}"
EndProject
Project("{FAE04EC0-301F-11D3-BF4B-00C04F79EFBC}") = "SpaceTrading.Cli", "SpaceTrading.Cli\SpaceTrading.Cli.csproj", "{A5839E2F-5405-4E21-A8D2-997F5BDB746C}"
EndProject
Project("{FAE04EC0-301F-11D3-BF4B-00C04F79EFBC}") = "SpaceTrading.Production.Data", "SpaceTrading.Production.Data\SpaceTrading.Production.Data.csproj", "{51CCCC0C-74D0-4C55-B344-915FE3C86C24}"
EndProject
Project("{2150E333-8FDC-42A3-9474-1A3956D46DE8}") = "Api", "Api", "{BEA51003-EEC6-4859-86A6-2FC20A5D9D03}"
EndProject
Project("{FAE04EC0-301F-11D3-BF4B-00C04F79EFBC}") = "SpaceTrading.Production.Api", "SpaceTrading.Production.Api\SpaceTrading.Production.Api.csproj", "{98CE4FFA-6588-457C-9A6C-9FA2ED9EC40D}"
EndProject
Global
	GlobalSection(SolutionConfigurationPlatforms) = preSolution
		Debug|Any CPU = Debug|Any CPU
		Release|Any CPU = Release|Any CPU
	EndGlobalSection
	GlobalSection(ProjectConfigurationPlatforms) = postSolution
		{60864636-B7DE-41CD-AB86-799F83302139}.Debug|Any CPU.ActiveCfg = Debug|Any CPU
		{60864636-B7DE-41CD-AB86-799F83302139}.Debug|Any CPU.Build.0 = Debug|Any CPU
		{60864636-B7DE-41CD-AB86-799F83302139}.Release|Any CPU.ActiveCfg = Release|Any CPU
		{60864636-B7DE-41CD-AB86-799F83302139}.Release|Any CPU.Build.0 = Release|Any CPU
		{0F68E46D-9FDB-4E44-AD5E-34A8DF878D82}.Debug|Any CPU.ActiveCfg = Debug|Any CPU
		{0F68E46D-9FDB-4E44-AD5E-34A8DF878D82}.Debug|Any CPU.Build.0 = Debug|Any CPU
		{0F68E46D-9FDB-4E44-AD5E-34A8DF878D82}.Release|Any CPU.ActiveCfg = Release|Any CPU
		{0F68E46D-9FDB-4E44-AD5E-34A8DF878D82}.Release|Any CPU.Build.0 = Release|Any CPU
		{6992F5E4-89B3-42FA-BFC7-ABB332D59472}.Debug|Any CPU.ActiveCfg = Debug|Any CPU
		{6992F5E4-89B3-42FA-BFC7-ABB332D59472}.Debug|Any CPU.Build.0 = Debug|Any CPU
		{6992F5E4-89B3-42FA-BFC7-ABB332D59472}.Release|Any CPU.ActiveCfg = Release|Any CPU
		{6992F5E4-89B3-42FA-BFC7-ABB332D59472}.Release|Any CPU.Build.0 = Release|Any CPU
		{A5839E2F-5405-4E21-A8D2-997F5BDB746C}.Debug|Any CPU.ActiveCfg = Debug|Any CPU
		{A5839E2F-5405-4E21-A8D2-997F5BDB746C}.Debug|Any CPU.Build.0 = Debug|Any CPU
		{A5839E2F-5405-4E21-A8D2-997F5BDB746C}.Release|Any CPU.ActiveCfg = Release|Any CPU
		{A5839E2F-5405-4E21-A8D2-997F5BDB746C}.Release|Any CPU.Build.0 = Release|Any CPU
		{51CCCC0C-74D0-4C55-B344-915FE3C86C24}.Debug|Any CPU.ActiveCfg = Debug|Any CPU
		{51CCCC0C-74D0-4C55-B344-915FE3C86C24}.Debug|Any CPU.Build.0 = Debug|Any CPU
		{51CCCC0C-74D0-4C55-B344-915FE3C86C24}.Release|Any CPU.ActiveCfg = Release|Any CPU
		{51CCCC0C-74D0-4C55-B344-915FE3C86C24}.Release|Any CPU.Build.0 = Release|Any CPU
		{98CE4FFA-6588-457C-9A6C-9FA2ED9EC40D}.Debug|Any CPU.ActiveCfg = Debug|Any CPU
		{98CE4FFA-6588-457C-9A6C-9FA2ED9EC40D}.Debug|Any CPU.Build.0 = Debug|Any CPU
		{98CE4FFA-6588-457C-9A6C-9FA2ED9EC40D}.Release|Any CPU.ActiveCfg = Release|Any CPU
		{98CE4FFA-6588-457C-9A6C-9FA2ED9EC40D}.Release|Any CPU.Build.0 = Release|Any CPU
	EndGlobalSection
	GlobalSection(NestedProjects) = preSolution
		{51CCCC0C-74D0-4C55-B344-915FE3C86C24} = {BEA51003-EEC6-4859-86A6-2FC20A5D9D03}
		{98CE4FFA-6588-457C-9A6C-9FA2ED9EC40D} = {BEA51003-EEC6-4859-86A6-2FC20A5D9D03}
	EndGlobalSection
EndGlobal
